{
  "name": "CX-Rossmon",
  "lockfileVersion": 2,
  "requires": true,
  "packages": {
    "": {
      "dependencies": {
        "react-icons": "^4.7.1",
        "react-rating-stars-component": "^2.2.0",
        "survey-creator-react": "^1.9.71",
        "survey-react": "^1.9.69",
        "surveyjs": "^4.0.2",
        "sweetalert2": "^11.7.1"
      }
    },
    "node_modules/ace-builds": {
      "version": "1.15.0",
      "resolved": "https://registry.npmjs.org/ace-builds/-/ace-builds-1.15.0.tgz",
      "integrity": "sha512-L1RXgqxDvzbJ7H8Y2v9lb4kHaZRn5JNTECG+oZTH2EDewMmpQMLDC4GnFKIh3+xb/gk2nVPO7gGwpTYPw91QzA==",
      "peer": true
    },
    "node_modules/formjs-plugin": {
      "version": "5.4.0",
      "resolved": "https://registry.npmjs.org/formjs-plugin/-/formjs-plugin-5.4.0.tgz",
      "integrity": "sha512-EvsBJX9uv5JiMGj6+YM87712LPBMdXFhuwcfiCvITqWU/0C2ErflJtL4ZDoNrtQrbTa/Xd7h2SlZa7TvT/BSyw==",
      "peer": true
    },
    "node_modules/js-tokens": {
      "version": "4.0.0",
      "resolved": "https://registry.npmjs.org/js-tokens/-/js-tokens-4.0.0.tgz",
      "integrity": "sha512-RdJUflcE3cUzKiMqQgsCu06FPu9UdIJO0beYbPhHN4k6apgJtifcoCtT9bcxOpYBtpD2kCM6Sbzg4CausW/PKQ=="
    },
    "node_modules/loose-envify": {
      "version": "1.4.0",
      "resolved": "https://registry.npmjs.org/loose-envify/-/loose-envify-1.4.0.tgz",
      "integrity": "sha512-lyuxPGr/Wfhrlem2CL/UcnUc1zcqKAImBDzukY7Y5F/yQiNdko6+fRLevlw1HgMySw7f611UIY408EtxRSoK3Q==",
      "dependencies": {
        "js-tokens": "^3.0.0 || ^4.0.0"
      },
      "bin": {
        "loose-envify": "cli.js"
      }
    },
    "node_modules/react": {
      "version": "18.2.0",
      "resolved": "https://registry.npmjs.org/react/-/react-18.2.0.tgz",
      "integrity": "sha512-/3IjMdb2L9QbBdWiW5e3P2/npwMBaU9mHCSCUzNln0ZCYbcfTsGbTJrU/kGemdH2IWmB2ioZ+zkxtmq6g09fGQ==",
      "dependencies": {
        "loose-envify": "^1.1.0"
      },
      "engines": {
        "node": ">=0.10.0"
      }
    },
    "node_modules/react-dom": {
      "version": "18.2.0",
      "resolved": "https://registry.npmjs.org/react-dom/-/react-dom-18.2.0.tgz",
      "integrity": "sha512-6IMTriUmvsjHUjNtEDudZfuDQUoWXVxKHhlEGSk81n4YFS+r/Kl99wXiwlVXtPBtJenozv2P+hxDsw9eA7Xo6g==",
      "dependencies": {
        "loose-envify": "^1.1.0",
        "scheduler": "^0.23.0"
      },
      "peerDependencies": {
        "react": "^18.2.0"
      }
    },
    "node_modules/react-icons": {
      "version": "4.7.1",
      "resolved": "https://registry.npmjs.org/react-icons/-/react-icons-4.7.1.tgz",
      "integrity": "sha512-yHd3oKGMgm7zxo3EA7H2n7vxSoiGmHk5t6Ou4bXsfcgWyhfDKMpyKfhHR6Bjnn63c+YXBLBPUql9H4wPJM6sXw==",
      "peerDependencies": {
        "react": "*"
      }
    },
    "node_modules/react-rating-stars-component": {
      "version": "2.2.0",
      "resolved": "https://registry.npmjs.org/react-rating-stars-component/-/react-rating-stars-component-2.2.0.tgz",
      "integrity": "sha512-A3lgLxumfFQQicKQmxacZ91fq/zRaVWlCPnVodJmJV6obvod4/yCotetN9WuyBiUfnKsEFDBo/8B85ocwmL7ng=="
    },
    "node_modules/scheduler": {
      "version": "0.23.0",
      "resolved": "https://registry.npmjs.org/scheduler/-/scheduler-0.23.0.tgz",
      "integrity": "sha512-CtuThmgHNg7zIZWAXi3AsyIzA3n4xx7aNyjwC2VJldO2LMVDhFK+63xGqq6CsJH4rTAt6/M+N4GhZiDYPx9eUw==",
      "dependencies": {
        "loose-envify": "^1.1.0"
      }
    },
    "node_modules/survey-core": {
      "version": "1.9.71",
      "resolved": "https://registry.npmjs.org/survey-core/-/survey-core-1.9.71.tgz",
      "integrity": "sha512-f7FnKX8ktaU6YtjbXU9q+uwTLSHL9W3sYKvKRAQLLiv6WQ+7GW5rlQmCMJ4WKQq1Zwqdj2jkZseAgti17WL/iQ=="
    },
    "node_modules/survey-creator-core": {
      "version": "1.9.71",
      "resolved": "https://registry.npmjs.org/survey-creator-core/-/survey-creator-core-1.9.71.tgz",
      "integrity": "sha512-zAHnpYqMgM5xduLnDVx6bEXt2Cjn+nVRdr7s6raDMujOekBBQ1J+OCZCtNcQz3TlJyu7++c9dECsWWJF9v/JPg==",
      "dependencies": {
        "survey-core": "1.9.71"
      },
      "engines": {
        "node": ">=0.10.0"
      },
      "peerDependencies": {
        "ace-builds": "^1.4.12"
      }
    },
    "node_modules/survey-creator-react": {
      "version": "1.9.71",
      "resolved": "https://registry.npmjs.org/survey-creator-react/-/survey-creator-react-1.9.71.tgz",
      "integrity": "sha512-sRfRQhTUmnCqcNB7TTrX4+S9348h482zCo+WYWIo5NvMV9eow43+kXd/jhOs8Qub40U4lRFgt+9ahvEN7ErIMQ==",
      "dependencies": {
        "react": "^16.5.0 || ^17.0.1 || ^18.1.0",
        "react-dom": "^16.5.0 || ^17.0.1 || ^18.1.0",
        "survey-core": "1.9.71",
        "survey-creator-core": "1.9.71",
        "survey-react-ui": "1.9.71"
      },
      "engines": {
        "node": ">=0.10.0"
      },
      "peerDependencies": {
        "ace-builds": "^1.4.12"
      }
    },
    "node_modules/survey-react": {
      "version": "1.9.71",
      "resolved": "https://registry.npmjs.org/survey-react/-/survey-react-1.9.71.tgz",
      "integrity": "sha512-yU8UonoE7qkmXDvkrdNvLwGBf0G7KmcGYdIvno4mZeXFhBEkHSoagap78c0tj+p4d3UgPn/tO/R/6l+Qqsm3mw==",
      "peerDependencies": {
        "react": "^16.5.0 || ^17.0.1 || ^18.1.0",
        "react-dom": "^16.5.0 || ^17.0.1 || ^18.1.0"
      }
    },
    "node_modules/survey-react-ui": {
      "version": "1.9.71",
      "resolved": "https://registry.npmjs.org/survey-react-ui/-/survey-react-ui-1.9.71.tgz",
      "integrity": "sha512-VmGNIKYXliTl7ob2yQOtnkNpOa8opHIlMmHXNKAttdCKqsL3NanN3rLJRcyxOzLRNKkBq++QDyRnDzt2f7lnSg==",
      "dependencies": {
        "react": "^16.5.0 || ^17.0.1 || ^18.1.0",
        "react-dom": "^16.5.0 || ^17.0.1 || ^18.1.0",
        "survey-core": "*"
      }
    },
    "node_modules/surveyjs": {
      "version": "4.0.2",
      "resolved": "https://registry.npmjs.org/surveyjs/-/surveyjs-4.0.2.tgz",
      "integrity": "sha512-CI+9VI0WWA3SYU850paYPyeIdw7+awNmJhgO0i8N8OsUkQWebv75ROTxBH6lS5SSEOycvqE6mZkNECaneXCEsg==",
      "peerDependencies": {
        "formjs-plugin": "^5.2.0"
      }
    },
    "node_modules/sweetalert2": {
      "version": "11.7.1",
      "resolved": "https://registry.npmjs.org/sweetalert2/-/sweetalert2-11.7.1.tgz",
      "integrity": "sha512-+1bnkbqBl64FnZmi3g4SzAi4F3pL3S2jF1YQvrysv4GbgizfeFqGkJopxR3FnV/eJm6w2SQ2oAmCxSIBjgP/ag==",
      "funding": {
        "type": "individual",
        "url": "https://github.com/sponsors/limonte"
      }
    }
  },
  "dependencies": {
    "ace-builds": {
      "version": "1.15.0",
      "resolved": "https://registry.npmjs.org/ace-builds/-/ace-builds-1.15.0.tgz",
      "integrity": "sha512-L1RXgqxDvzbJ7H8Y2v9lb4kHaZRn5JNTECG+oZTH2EDewMmpQMLDC4GnFKIh3+xb/gk2nVPO7gGwpTYPw91QzA==",
      "peer": true
    },
    "formjs-plugin": {
      "version": "5.4.0",
      "resolved": "https://registry.npmjs.org/formjs-plugin/-/formjs-plugin-5.4.0.tgz",
      "integrity": "sha512-EvsBJX9uv5JiMGj6+YM87712LPBMdXFhuwcfiCvITqWU/0C2ErflJtL4ZDoNrtQrbTa/Xd7h2SlZa7TvT/BSyw==",
      "peer": true
    },
    "js-tokens": {
      "version": "4.0.0",
      "resolved": "https://registry.npmjs.org/js-tokens/-/js-tokens-4.0.0.tgz",
      "integrity": "sha512-RdJUflcE3cUzKiMqQgsCu06FPu9UdIJO0beYbPhHN4k6apgJtifcoCtT9bcxOpYBtpD2kCM6Sbzg4CausW/PKQ=="
    },
    "loose-envify": {
      "version": "1.4.0",
      "resolved": "https://registry.npmjs.org/loose-envify/-/loose-envify-1.4.0.tgz",
      "integrity": "sha512-lyuxPGr/Wfhrlem2CL/UcnUc1zcqKAImBDzukY7Y5F/yQiNdko6+fRLevlw1HgMySw7f611UIY408EtxRSoK3Q==",
      "requires": {
        "js-tokens": "^3.0.0 || ^4.0.0"
      }
    },
    "react": {
      "version": "18.2.0",
      "resolved": "https://registry.npmjs.org/react/-/react-18.2.0.tgz",
      "integrity": "sha512-/3IjMdb2L9QbBdWiW5e3P2/npwMBaU9mHCSCUzNln0ZCYbcfTsGbTJrU/kGemdH2IWmB2ioZ+zkxtmq6g09fGQ==",
      "requires": {
        "loose-envify": "^1.1.0"
      }
    },
    "react-dom": {
      "version": "18.2.0",
      "resolved": "https://registry.npmjs.org/react-dom/-/react-dom-18.2.0.tgz",
      "integrity": "sha512-6IMTriUmvsjHUjNtEDudZfuDQUoWXVxKHhlEGSk81n4YFS+r/Kl99wXiwlVXtPBtJenozv2P+hxDsw9eA7Xo6g==",
      "requires": {
        "loose-envify": "^1.1.0",
        "scheduler": "^0.23.0"
      }
    },
    "react-icons": {
      "version": "4.7.1",
      "resolved": "https://registry.npmjs.org/react-icons/-/react-icons-4.7.1.tgz",
      "integrity": "sha512-yHd3oKGMgm7zxo3EA7H2n7vxSoiGmHk5t6Ou4bXsfcgWyhfDKMpyKfhHR6Bjnn63c+YXBLBPUql9H4wPJM6sXw==",
      "requires": {}
    },
    "react-rating-stars-component": {
      "version": "2.2.0",
      "resolved": "https://registry.npmjs.org/react-rating-stars-component/-/react-rating-stars-component-2.2.0.tgz",
      "integrity": "sha512-A3lgLxumfFQQicKQmxacZ91fq/zRaVWlCPnVodJmJV6obvod4/yCotetN9WuyBiUfnKsEFDBo/8B85ocwmL7ng=="
    },
    "scheduler": {
      "version": "0.23.0",
      "resolved": "https://registry.npmjs.org/scheduler/-/scheduler-0.23.0.tgz",
      "integrity": "sha512-CtuThmgHNg7zIZWAXi3AsyIzA3n4xx7aNyjwC2VJldO2LMVDhFK+63xGqq6CsJH4rTAt6/M+N4GhZiDYPx9eUw==",
      "requires": {
        "loose-envify": "^1.1.0"
      }
    },
    "survey-core": {
      "version": "1.9.71",
      "resolved": "https://registry.npmjs.org/survey-core/-/survey-core-1.9.71.tgz",
      "integrity": "sha512-f7FnKX8ktaU6YtjbXU9q+uwTLSHL9W3sYKvKRAQLLiv6WQ+7GW5rlQmCMJ4WKQq1Zwqdj2jkZseAgti17WL/iQ=="
    },
    "survey-creator-core": {
      "version": "1.9.71",
      "resolved": "https://registry.npmjs.org/survey-creator-core/-/survey-creator-core-1.9.71.tgz",
      "integrity": "sha512-zAHnpYqMgM5xduLnDVx6bEXt2Cjn+nVRdr7s6raDMujOekBBQ1J+OCZCtNcQz3TlJyu7++c9dECsWWJF9v/JPg==",
      "requires": {
        "survey-core": "1.9.71"
      }
    },
    "survey-creator-react": {
      "version": "1.9.71",
      "resolved": "https://registry.npmjs.org/survey-creator-react/-/survey-creator-react-1.9.71.tgz",
      "integrity": "sha512-sRfRQhTUmnCqcNB7TTrX4+S9348h482zCo+WYWIo5NvMV9eow43+kXd/jhOs8Qub40U4lRFgt+9ahvEN7ErIMQ==",
      "requires": {
        "react": "^16.5.0 || ^17.0.1 || ^18.1.0",
        "react-dom": "^16.5.0 || ^17.0.1 || ^18.1.0",
        "survey-core": "1.9.71",
        "survey-creator-core": "1.9.71",
        "survey-react-ui": "1.9.71"
      }
    },
    "survey-react": {
      "version": "1.9.71",
      "resolved": "https://registry.npmjs.org/survey-react/-/survey-react-1.9.71.tgz",
      "integrity": "sha512-yU8UonoE7qkmXDvkrdNvLwGBf0G7KmcGYdIvno4mZeXFhBEkHSoagap78c0tj+p4d3UgPn/tO/R/6l+Qqsm3mw==",
      "requires": {}
    },
    "survey-react-ui": {
      "version": "1.9.71",
      "resolved": "https://registry.npmjs.org/survey-react-ui/-/survey-react-ui-1.9.71.tgz",
      "integrity": "sha512-VmGNIKYXliTl7ob2yQOtnkNpOa8opHIlMmHXNKAttdCKqsL3NanN3rLJRcyxOzLRNKkBq++QDyRnDzt2f7lnSg==",
      "requires": {
        "react": "^16.5.0 || ^17.0.1 || ^18.1.0",
        "react-dom": "^16.5.0 || ^17.0.1 || ^18.1.0",
        "survey-core": "*"
      }
    },
    "surveyjs": {
      "version": "4.0.2",
      "resolved": "https://registry.npmjs.org/surveyjs/-/surveyjs-4.0.2.tgz",
      "integrity": "sha512-CI+9VI0WWA3SYU850paYPyeIdw7+awNmJhgO0i8N8OsUkQWebv75ROTxBH6lS5SSEOycvqE6mZkNECaneXCEsg==",
      "requires": {}
    },
    "sweetalert2": {
      "version": "11.7.1",
      "resolved": "https://registry.npmjs.org/sweetalert2/-/sweetalert2-11.7.1.tgz",
      "integrity": "sha512-+1bnkbqBl64FnZmi3g4SzAi4F3pL3S2jF1YQvrysv4GbgizfeFqGkJopxR3FnV/eJm6w2SQ2oAmCxSIBjgP/ag=="
    }
  }
}
